
Microsoft Visual Studio Solution File, Format Version 12.00
# Visual Studio 15
VisualStudioVersion = 15.0.28010.2036
MinimumVisualStudioVersion = 10.0.40219.1
Project("{FAE04EC0-301F-11D3-BF4B-00C04F79EFBC}") = "MobileUI.Android", "MobileUI\MobileUI.Android\MobileUI.Android.csproj", "{24CE3C36-16B9-426D-AA0C-5961ECF8D88C}"
EndProject
Project("{FAE04EC0-301F-11D3-BF4B-00C04F79EFBC}") = "MobileUI.iOS", "MobileUI\MobileUI.iOS\MobileUI.iOS.csproj", "{2FE27BFD-73A5-467D-B946-B7D8D0990657}"
EndProject
Project("{FAE04EC0-301F-11D3-BF4B-00C04F79EFBC}") = "MobileUI", "MobileUI\MobileUI\MobileUI.csproj", "{64129AEB-AF20-4109-885A-31AE5F1E9033}"
EndProject
Global
	GlobalSection(SolutionConfigurationPlatforms) = preSolution
		Debug|Any CPU = Debug|Any CPU
		Debug|iPhone = Debug|iPhone
		Debug|iPhoneSimulator = Debug|iPhoneSimulator
		Release|Any CPU = Release|Any CPU
		Release|iPhone = Release|iPhone
		Release|iPhoneSimulator = Release|iPhoneSimulator
	EndGlobalSection
	GlobalSection(ProjectConfigurationPlatforms) = postSolution
		{24CE3C36-16B9-426D-AA0C-5961ECF8D88C}.Debug|Any CPU.ActiveCfg = Debug|Any CPU
		{24CE3C36-16B9-426D-AA0C-5961ECF8D88C}.Debug|Any CPU.Build.0 = Debug|Any CPU
		{24CE3C36-16B9-426D-AA0C-5961ECF8D88C}.Debug|Any CPU.Deploy.0 = Debug|Any CPU
		{24CE3C36-16B9-426D-AA0C-5961ECF8D88C}.Debug|iPhone.ActiveCfg = Debug|Any CPU
		{24CE3C36-16B9-426D-AA0C-5961ECF8D88C}.Debug|iPhone.Build.0 = Debug|Any CPU
		{24CE3C36-16B9-426D-AA0C-5961ECF8D88C}.Debug|iPhone.Deploy.0 = Debug|Any CPU
		{24CE3C36-16B9-426D-AA0C-5961ECF8D88C}.Debug|iPhoneSimulator.ActiveCfg = Debug|Any CPU
		{24CE3C36-16B9-426D-AA0C-5961ECF8D88C}.Debug|iPhoneSimulator.Build.0 = Debug|Any CPU
		{24CE3C36-16B9-426D-AA0C-5961ECF8D88C}.Debug|iPhoneSimulator.Deploy.0 = Debug|Any CPU
		{24CE3C36-16B9-426D-AA0C-5961ECF8D88C}.Release|Any CPU.ActiveCfg = Release|Any CPU
		{24CE3C36-16B9-426D-AA0C-5961ECF8D88C}.Release|Any CPU.Build.0 = Release|Any CPU
		{24CE3C36-16B9-426D-AA0C-5961ECF8D88C}.Release|Any CPU.Deploy.0 = Release|Any CPU
		{24CE3C36-16B9-426D-AA0C-5961ECF8D88C}.Release|iPhone.ActiveCfg = Release|Any CPU
		{24CE3C36-16B9-426D-AA0C-5961ECF8D88C}.Release|iPhone.Build.0 = Release|Any CPU
		{24CE3C36-16B9-426D-AA0C-5961ECF8D88C}.Release|iPhone.Deploy.0 = Release|Any CPU
		{24CE3C36-16B9-426D-AA0C-5961ECF8D88C}.Release|iPhoneSimulator.ActiveCfg = Release|Any CPU
		{24CE3C36-16B9-426D-AA0C-5961ECF8D88C}.Release|iPhoneSimulator.Build.0 = Release|Any CPU
		{24CE3C36-16B9-426D-AA0C-5961ECF8D88C}.Release|iPhoneSimulator.Deploy.0 = Release|Any CPU
		{2FE27BFD-73A5-467D-B946-B7D8D0990657}.Debug|Any CPU.ActiveCfg = Debug|iPhoneSimulator
		{2FE27BFD-73A5-467D-B946-B7D8D0990657}.Debug|Any CPU.Build.0 = Debug|iPhoneSimulator
		{2FE27BFD-73A5-467D-B946-B7D8D0990657}.Debug|Any CPU.Deploy.0 = Debug|iPhoneSimulator
		{2FE27BFD-73A5-467D-B946-B7D8D0990657}.Debug|iPhone.ActiveCfg = Debug|iPhone
		{2FE27BFD-73A5-467D-B946-B7D8D0990657}.Debug|iPhone.Build.0 = Debug|iPhone
		{2FE27BFD-73A5-467D-B946-B7D8D0990657}.Debug|iPhone.Deploy.0 = Debug|iPhone
		{2FE27BFD-73A5-467D-B946-B7D8D0990657}.Debug|iPhoneSimulator.ActiveCfg = Debug|iPhoneSimulator
		{2FE27BFD-73A5-467D-B946-B7D8D0990657}.Debug|iPhoneSimulator.Build.0 = Debug|iPhoneSimulator
		{2FE27BFD-73A5-467D-B946-B7D8D0990657}.Debug|iPhoneSimulator.Deploy.0 = Debug|iPhoneSimulator
		{2FE27BFD-73A5-467D-B946-B7D8D0990657}.Release|Any CPU.ActiveCfg = Release|iPhone
		{2FE27BFD-73A5-467D-B946-B7D8D0990657}.Release|Any CPU.Build.0 = Release|iPhone
		{2FE27BFD-73A5-467D-B946-B7D8D0990657}.Release|Any CPU.Deploy.0 = Release|iPhone
		{2FE27BFD-73A5-467D-B946-B7D8D0990657}.Release|iPhone.ActiveCfg = Release|iPhone
		{2FE27BFD-73A5-467D-B946-B7D8D0990657}.Release|iPhone.Build.0 = Release|iPhone
		{2FE27BFD-73A5-467D-B946-B7D8D0990657}.Release|iPhone.Deploy.0 = Release|iPhone
		{2FE27BFD-73A5-467D-B946-B7D8D0990657}.Release|iPhoneSimulator.ActiveCfg = Release|iPhoneSimulator
		{2FE27BFD-73A5-467D-B946-B7D8D0990657}.Release|iPhoneSimulator.Build.0 = Release|iPhoneSimulator
		{2FE27BFD-73A5-467D-B946-B7D8D0990657}.Release|iPhoneSimulator.Deploy.0 = Release|iPhoneSimulator
		{64129AEB-AF20-4109-885A-31AE5F1E9033}.Debug|Any CPU.ActiveCfg = Debug|Any CPU
		{64129AEB-AF20-4109-885A-31AE5F1E9033}.Debug|Any CPU.Build.0 = Debug|Any CPU
		{64129AEB-AF20-4109-885A-31AE5F1E9033}.Debug|Any CPU.Deploy.0 = Debug|Any CPU
		{64129AEB-AF20-4109-885A-31AE5F1E9033}.Debug|iPhone.ActiveCfg = Debug|Any CPU
		{64129AEB-AF20-4109-885A-31AE5F1E9033}.Debug|iPhone.Build.0 = Debug|Any CPU
		{64129AEB-AF20-4109-885A-31AE5F1E9033}.Debug|iPhone.Deploy.0 = Debug|Any CPU
		{64129AEB-AF20-4109-885A-31AE5F1E9033}.Debug|iPhoneSimulator.ActiveCfg = Debug|Any CPU
		{64129AEB-AF20-4109-885A-31AE5F1E9033}.Debug|iPhoneSimulator.Build.0 = Debug|Any CPU
		{64129AEB-AF20-4109-885A-31AE5F1E9033}.Debug|iPhoneSimulator.Deploy.0 = Debug|Any CPU
		{64129AEB-AF20-4109-885A-31AE5F1E9033}.Release|Any CPU.ActiveCfg = Release|Any CPU
		{64129AEB-AF20-4109-885A-31AE5F1E9033}.Release|Any CPU.Build.0 = Release|Any CPU
		{64129AEB-AF20-4109-885A-31AE5F1E9033}.Release|Any CPU.Deploy.0 = Release|Any CPU
		{64129AEB-AF20-4109-885A-31AE5F1E9033}.Release|iPhone.ActiveCfg = Release|Any CPU
		{64129AEB-AF20-4109-885A-31AE5F1E9033}.Release|iPhone.Build.0 = Release|Any CPU
		{64129AEB-AF20-4109-885A-31AE5F1E9033}.Release|iPhone.Deploy.0 = Release|Any CPU
		{64129AEB-AF20-4109-885A-31AE5F1E9033}.Release|iPhoneSimulator.ActiveCfg = Release|Any CPU
		{64129AEB-AF20-4109-885A-31AE5F1E9033}.Release|iPhoneSimulator.Build.0 = Release|Any CPU
		{64129AEB-AF20-4109-885A-31AE5F1E9033}.Release|iPhoneSimulator.Deploy.0 = Release|Any CPU
	EndGlobalSection
	GlobalSection(SolutionProperties) = preSolution
		HideSolutionNode = FALSE
	EndGlobalSection
	GlobalSection(ExtensibilityGlobals) = postSolution
		SolutionGuid = {B55D67DF-36BC-45D9-8054-C1892F681927}
	EndGlobalSection
EndGlobal
